
Microsoft Visual Studio Solution File, Format Version 12.00
# Visual Studio Version 16
VisualStudioVersion = 16.0.30225.117
MinimumVisualStudioVersion = 10.0.40219.1
Project("{2150E333-8FDC-42A3-9474-1A3956D46DE8}") = "01.Aplication", "01.Aplication", "{25A36F4D-9AAF-4559-8E75-1519D5627B00}"
EndProject
Project("{FAE04EC0-301F-11D3-BF4B-00C04F79EFBC}") = "RepeatedWordInText.AplicationCore", "02.AplicationCore\RepeatedWordInText.AplicationCore\RepeatedWordInText.AplicationCore.csproj", "{B298C70C-CD81-488F-ACB6-61D82A4389CD}"
EndProject
Project("{2150E333-8FDC-42A3-9474-1A3956D46DE8}") = "02.AplicationCore", "02.AplicationCore", "{452A243E-6AA1-4E31-962D-D600FC39E91A}"
EndProject
Project("{FAE04EC0-301F-11D3-BF4B-00C04F79EFBC}") = "RepeatedWordInText.Api", "01.Application\RepeatedWordInText.Api\RepeatedWordInText.Api.csproj", "{63240DA3-F821-478C-8442-D528BC2BECC0}"
EndProject
Project("{2150E333-8FDC-42A3-9474-1A3956D46DE8}") = "03.Test", "03.Test", "{F1C8FFEB-02AE-4DBC-A43B-B234314964F3}"
EndProject
Project("{FAE04EC0-301F-11D3-BF4B-00C04F79EFBC}") = "RepeatedWordInText.UnitTest", "03.Test\RepeatedWordInText.UnitTest\RepeatedWordInText.UnitTest.csproj", "{3B7B5C65-B861-4EA1-BCC0-0E129BC11C8A}"
EndProject
Global
	GlobalSection(SolutionConfigurationPlatforms) = preSolution
		Debug|Any CPU = Debug|Any CPU
		Release|Any CPU = Release|Any CPU
	EndGlobalSection
	GlobalSection(ProjectConfigurationPlatforms) = postSolution
		{B298C70C-CD81-488F-ACB6-61D82A4389CD}.Debug|Any CPU.ActiveCfg = Debug|Any CPU
		{B298C70C-CD81-488F-ACB6-61D82A4389CD}.Debug|Any CPU.Build.0 = Debug|Any CPU
		{B298C70C-CD81-488F-ACB6-61D82A4389CD}.Release|Any CPU.ActiveCfg = Release|Any CPU
		{B298C70C-CD81-488F-ACB6-61D82A4389CD}.Release|Any CPU.Build.0 = Release|Any CPU
		{63240DA3-F821-478C-8442-D528BC2BECC0}.Debug|Any CPU.ActiveCfg = Debug|Any CPU
		{63240DA3-F821-478C-8442-D528BC2BECC0}.Debug|Any CPU.Build.0 = Debug|Any CPU
		{63240DA3-F821-478C-8442-D528BC2BECC0}.Release|Any CPU.ActiveCfg = Release|Any CPU
		{63240DA3-F821-478C-8442-D528BC2BECC0}.Release|Any CPU.Build.0 = Release|Any CPU
		{3B7B5C65-B861-4EA1-BCC0-0E129BC11C8A}.Debug|Any CPU.ActiveCfg = Debug|Any CPU
		{3B7B5C65-B861-4EA1-BCC0-0E129BC11C8A}.Debug|Any CPU.Build.0 = Debug|Any CPU
		{3B7B5C65-B861-4EA1-BCC0-0E129BC11C8A}.Release|Any CPU.ActiveCfg = Release|Any CPU
		{3B7B5C65-B861-4EA1-BCC0-0E129BC11C8A}.Release|Any CPU.Build.0 = Release|Any CPU
	EndGlobalSection
	GlobalSection(SolutionProperties) = preSolution
		HideSolutionNode = FALSE
	EndGlobalSection
	GlobalSection(NestedProjects) = preSolution
		{B298C70C-CD81-488F-ACB6-61D82A4389CD} = {452A243E-6AA1-4E31-962D-D600FC39E91A}
		{63240DA3-F821-478C-8442-D528BC2BECC0} = {25A36F4D-9AAF-4559-8E75-1519D5627B00}
		{3B7B5C65-B861-4EA1-BCC0-0E129BC11C8A} = {F1C8FFEB-02AE-4DBC-A43B-B234314964F3}
	EndGlobalSection
	GlobalSection(ExtensibilityGlobals) = postSolution
		SolutionGuid = {55DC0AEC-B08B-48B1-8758-238D92726565}
	EndGlobalSection
EndGlobal
